// !$*UTF8*$!
{
	archiveVersion = 1;
	classes = {
	};
	objectVersion = 46;
	objects = {

/* Begin PBXBuildFile section */
		DA0E04A31EFF2DA80014C5C6 /* UIButton+extension.m in Sources */ = {isa = PBXBuildFile; fileRef = DA0E04A21EFF2DA80014C5C6 /* UIButton+extension.m */; };
		DA0E04A61EFF356E0014C5C6 /* UITextField+extension.m in Sources */ = {isa = PBXBuildFile; fileRef = DA0E04A51EFF356E0014C5C6 /* UITextField+extension.m */; };
		DA0E04A81EFF519E0014C5C6 /* 640.jpg in Resources */ = {isa = PBXBuildFile; fileRef = DA0E04A71EFF519E0014C5C6 /* 640.jpg */; };
		DA0E04E91EFF58300014C5C6 /* Assets.xcassets in Resources */ = {isa = PBXBuildFile; fileRef = DA0E04E81EFF58300014C5C6 /* Assets.xcassets */; };
		DA82DF471EFE9E1300FCC947 /* main.m in Sources */ = {isa = PBXBuildFile; fileRef = DA82DF461EFE9E1300FCC947 /* main.m */; };
		DA82DF4A1EFE9E1300FCC947 /* AppDelegate.m in Sources */ = {isa = PBXBuildFile; fileRef = DA82DF491EFE9E1300FCC947 /* AppDelegate.m */; };
		DA82DF4D1EFE9E1300FCC947 /* ViewController.m in Sources */ = {isa = PBXBuildFile; fileRef = DA82DF4C1EFE9E1300FCC947 /* ViewController.m */; };
		DA82DF501EFE9E1300FCC947 /* Main.storyboard in Resources */ = {isa = PBXBuildFile; fileRef = DA82DF4E1EFE9E1300FCC947 /* Main.storyboard */; };
		DA82DF551EFE9E1300FCC947 /* LaunchScreen.storyboard in Resources */ = {isa = PBXBuildFile; fileRef = DA82DF531EFE9E1300FCC947 /* LaunchScreen.storyboard */; };
		DA82DF601EFE9E1300FCC947 /* dnegluTests.m in Sources */ = {isa = PBXBuildFile; fileRef = DA82DF5F1EFE9E1300FCC947 /* dnegluTests.m */; };
		DA82DF6B1EFE9E1300FCC947 /* dnegluUITests.m in Sources */ = {isa = PBXBuildFile; fileRef = DA82DF6A1EFE9E1300FCC947 /* dnegluUITests.m */; };
		DA84CB7C1EFE9F970012FA88 /* MainNavController.m in Sources */ = {isa = PBXBuildFile; fileRef = DA84CB7B1EFE9F970012FA88 /* MainNavController.m */; };
		DA84CB7F1EFEA9500012FA88 /* retrieveViewController.m in Sources */ = {isa = PBXBuildFile; fileRef = DA84CB7E1EFEA9500012FA88 /* retrieveViewController.m */; };
		DA84CB821EFEB87D0012FA88 /* LoginViewController.m in Sources */ = {isa = PBXBuildFile; fileRef = DA84CB811EFEB87C0012FA88 /* LoginViewController.m */; };
/* End PBXBuildFile section */

/* Begin PBXContainerItemProxy section */
		DA2A9FD21F0089C60036F958 /* PBXContainerItemProxy */ = {
			isa = PBXContainerItemProxy;
			containerPortal = DA82DF3A1EFE9E1300FCC947 /* Project object */;
			proxyType = 1;
			remoteGlobalIDString = DA2A9FB81F0089C60036F958;
			remoteInfo = new;
		};
		DA2A9FDD1F0089C60036F958 /* PBXContainerItemProxy */ = {
			isa = PBXContainerItemProxy;
			containerPortal = DA82DF3A1EFE9E1300FCC947 /* Project object */;
			proxyType = 1;
			remoteGlobalIDString = DA2A9FB81F0089C60036F958;
			remoteInfo = new;
		};
		DA82DF5C1EFE9E1300FCC947 /* PBXContainerItemProxy */ = {
			isa = PBXContainerItemProxy;
			containerPortal = DA82DF3A1EFE9E1300FCC947 /* Project object */;
			proxyType = 1;
			remoteGlobalIDString = DA82DF411EFE9E1300FCC947;
			remoteInfo = dneglu;
		};
		DA82DF671EFE9E1300FCC947 /* PBXContainerItemProxy */ = {
			isa = PBXContainerItemProxy;
			containerPortal = DA82DF3A1EFE9E1300FCC947 /* Project object */;
			proxyType = 1;
			remoteGlobalIDString = DA82DF411EFE9E1300FCC947;
			remoteInfo = dneglu;
		};
/* End PBXContainerItemProxy section */

/* Begin PBXFileReference section */
		DA0E04A11EFF2DA80014C5C6 /* UIButton+extension.h */ = {isa = PBXFileReference; fileEncoding = 4; lastKnownFileType = sourcecode.c.h; path = "UIButton+extension.h"; sourceTree = "<group>"; };
		DA0E04A21EFF2DA80014C5C6 /* UIButton+extension.m */ = {isa = PBXFileReference; fileEncoding = 4; lastKnownFileType = sourcecode.c.objc; path = "UIButton+extension.m"; sourceTree = "<group>"; };
		DA0E04A41EFF356E0014C5C6 /* UITextField+extension.h */ = {isa = PBXFileReference; fileEncoding = 4; lastKnownFileType = sourcecode.c.h; path = "UITextField+extension.h"; sourceTree = "<group>"; };
		DA0E04A51EFF356E0014C5C6 /* UITextField+extension.m */ = {isa = PBXFileReference; fileEncoding = 4; lastKnownFileType = sourcecode.c.objc; path = "UITextField+extension.m"; sourceTree = "<group>"; };
		DA0E04A71EFF519E0014C5C6 /* 640.jpg */ = {isa = PBXFileReference; lastKnownFileType = image.jpeg; path = 640.jpg; sourceTree = "<group>"; };
		DA0E04E81EFF58300014C5C6 /* Assets.xcassets */ = {isa = PBXFileReference; lastKnownFileType = folder.assetcatalog; path = Assets.xcassets; sourceTree = "<group>"; };
		DA2A9FB91F0089C60036F958 /* new.app */ = {isa = PBXFileReference; explicitFileType = wrapper.application; includeInIndex = 0; path = new.app; sourceTree = BUILT_PRODUCTS_DIR; };
		DA2A9FD11F0089C60036F958 /* newTests.xctest */ = {isa = PBXFileReference; explicitFileType = wrapper.cfbundle; includeInIndex = 0; path = newTests.xctest; sourceTree = BUILT_PRODUCTS_DIR; };
		DA2A9FDC1F0089C60036F958 /* newUITests.xctest */ = {isa = PBXFileReference; explicitFileType = wrapper.cfbundle; includeInIndex = 0; path = newUITests.xctest; sourceTree = BUILT_PRODUCTS_DIR; };
		DA82DF421EFE9E1300FCC947 /* dneglu.app */ = {isa = PBXFileReference; explicitFileType = wrapper.application; includeInIndex = 0; path = dneglu.app; sourceTree = BUILT_PRODUCTS_DIR; };
		DA82DF461EFE9E1300FCC947 /* main.m */ = {isa = PBXFileReference; lastKnownFileType = sourcecode.c.objc; path = main.m; sourceTree = "<group>"; };
		DA82DF481EFE9E1300FCC947 /* AppDelegate.h */ = {isa = PBXFileReference; lastKnownFileType = sourcecode.c.h; path = AppDelegate.h; sourceTree = "<group>"; };
		DA82DF491EFE9E1300FCC947 /* AppDelegate.m */ = {isa = PBXFileReference; lastKnownFileType = sourcecode.c.objc; path = AppDelegate.m; sourceTree = "<group>"; };
		DA82DF4B1EFE9E1300FCC947 /* ViewController.h */ = {isa = PBXFileReference; lastKnownFileType = sourcecode.c.h; path = ViewController.h; sourceTree = "<group>"; };
		DA82DF4C1EFE9E1300FCC947 /* ViewController.m */ = {isa = PBXFileReference; lastKnownFileType = sourcecode.c.objc; path = ViewController.m; sourceTree = "<group>"; };
		DA82DF4F1EFE9E1300FCC947 /* Base */ = {isa = PBXFileReference; lastKnownFileType = file.storyboard; name = Base; path = Base.lproj/Main.storyboard; sourceTree = "<group>"; };
		DA82DF541EFE9E1300FCC947 /* Base */ = {isa = PBXFileReference; lastKnownFileType = file.storyboard; name = Base; path = Base.lproj/LaunchScreen.storyboard; sourceTree = "<group>"; };
		DA82DF561EFE9E1300FCC947 /* Info.plist */ = {isa = PBXFileReference; lastKnownFileType = text.plist.xml; path = Info.plist; sourceTree = "<group>"; };
		DA82DF5B1EFE9E1300FCC947 /* dnegluTests.xctest */ = {isa = PBXFileReference; explicitFileType = wrapper.cfbundle; includeInIndex = 0; path = dnegluTests.xctest; sourceTree = BUILT_PRODUCTS_DIR; };
		DA82DF5F1EFE9E1300FCC947 /* dnegluTests.m */ = {isa = PBXFileReference; lastKnownFileType = sourcecode.c.objc; path = dnegluTests.m; sourceTree = "<group>"; };
		DA82DF611EFE9E1300FCC947 /* Info.plist */ = {isa = PBXFileReference; lastKnownFileType = text.plist.xml; path = Info.plist; sourceTree = "<group>"; };
		DA82DF661EFE9E1300FCC947 /* dnegluUITests.xctest */ = {isa = PBXFileReference; explicitFileType = wrapper.cfbundle; includeInIndex = 0; path = dnegluUITests.xctest; sourceTree = BUILT_PRODUCTS_DIR; };
		DA82DF6A1EFE9E1300FCC947 /* dnegluUITests.m */ = {isa = PBXFileReference; lastKnownFileType = sourcecode.c.objc; path = dnegluUITests.m; sourceTree = "<group>"; };
		DA82DF6C1EFE9E1300FCC947 /* Info.plist */ = {isa = PBXFileReference; lastKnownFileType = text.plist.xml; path = Info.plist; sourceTree = "<group>"; };
		DA84CB7A1EFE9F970012FA88 /* MainNavController.h */ = {isa = PBXFileReference; fileEncoding = 4; lastKnownFileType = sourcecode.c.h; path = MainNavController.h; sourceTree = "<group>"; };
		DA84CB7B1EFE9F970012FA88 /* MainNavController.m */ = {isa = PBXFileReference; fileEncoding = 4; lastKnownFileType = sourcecode.c.objc; path = MainNavController.m; sourceTree = "<group>"; };
		DA84CB7D1EFEA9500012FA88 /* retrieveViewController.h */ = {isa = PBXFileReference; fileEncoding = 4; lastKnownFileType = sourcecode.c.h; path = retrieveViewController.h; sourceTree = "<group>"; };
		DA84CB7E1EFEA9500012FA88 /* retrieveViewController.m */ = {isa = PBXFileReference; fileEncoding = 4; lastKnownFileType = sourcecode.c.objc; path = retrieveViewController.m; sourceTree = "<group>"; };
		DA84CB801EFEB87C0012FA88 /* LoginViewController.h */ = {isa = PBXFileReference; fileEncoding = 4; lastKnownFileType = sourcecode.c.h; path = LoginViewController.h; sourceTree = "<group>"; };
		DA84CB811EFEB87C0012FA88 /* LoginViewController.m */ = {isa = PBXFileReference; fileEncoding = 4; lastKnownFileType = sourcecode.c.objc; path = LoginViewController.m; sourceTree = "<group>"; };
/* End PBXFileReference section */

/* Begin PBXFrameworksBuildPhase section */
		DA2A9FB61F0089C60036F958 /* Frameworks */ = {
			isa = PBXFrameworksBuildPhase;
			buildActionMask = 2147483647;
			files = (
			);
			runOnlyForDeploymentPostprocessing = 0;
		};
		DA2A9FCE1F0089C60036F958 /* Frameworks */ = {
			isa = PBXFrameworksBuildPhase;
			buildActionMask = 2147483647;
			files = (
			);
			runOnlyForDeploymentPostprocessing = 0;
		};
		DA2A9FD91F0089C60036F958 /* Frameworks */ = {
			isa = PBXFrameworksBuildPhase;
			buildActionMask = 2147483647;
			files = (
			);
			runOnlyForDeploymentPostprocessing = 0;
		};
		DA82DF3F1EFE9E1300FCC947 /* Frameworks */ = {
			isa = PBXFrameworksBuildPhase;
			buildActionMask = 2147483647;
			files = (
			);
			runOnlyForDeploymentPostprocessing = 0;
		};
		DA82DF581EFE9E1300FCC947 /* Frameworks */ = {
			isa = PBXFrameworksBuildPhase;
			buildActionMask = 2147483647;
			files = (
			);
			runOnlyForDeploymentPostprocessing = 0;
		};
		DA82DF631EFE9E1300FCC947 /* Frameworks */ = {
			isa = PBXFrameworksBuildPhase;
			buildActionMask = 2147483647;
			files = (
			);
			runOnlyForDeploymentPostprocessing = 0;
		};
/* End PBXFrameworksBuildPhase section */

/* Begin PBXGroup section */
		DA0E04A01EFF29300014C5C6 /* Extensions */ = {
			isa = PBXGroup;
			children = (
				DA0E04A11EFF2DA80014C5C6 /* UIButton+extension.h */,
				DA0E04A21EFF2DA80014C5C6 /* UIButton+extension.m */,
				DA0E04A41EFF356E0014C5C6 /* UITextField+extension.h */,
				DA0E04A51EFF356E0014C5C6 /* UITextField+extension.m */,
			);
			name = Extensions;
			sourceTree = "<group>";
		};
		DA82DF391EFE9E1300FCC947 = {
			isa = PBXGroup;
			children = (
				DA82DF441EFE9E1300FCC947 /* dneglu */,
				DA82DF5E1EFE9E1300FCC947 /* dnegluTests */,
				DA82DF691EFE9E1300FCC947 /* dnegluUITests */,
				DA82DF431EFE9E1300FCC947 /* Products */,
			);
			sourceTree = "<group>";
		};
		DA82DF431EFE9E1300FCC947 /* Products */ = {
			isa = PBXGroup;
			children = (
				DA82DF421EFE9E1300FCC947 /* dneglu.app */,
				DA82DF5B1EFE9E1300FCC947 /* dnegluTests.xctest */,
				DA82DF661EFE9E1300FCC947 /* dnegluUITests.xctest */,
				DA2A9FB91F0089C60036F958 /* new.app */,
				DA2A9FD11F0089C60036F958 /* newTests.xctest */,
				DA2A9FDC1F0089C60036F958 /* newUITests.xctest */,
			);
			name = Products;
			sourceTree = "<group>";
		};
		DA82DF441EFE9E1300FCC947 /* dneglu */ = {
			isa = PBXGroup;
			children = (
				DA0E04A01EFF29300014C5C6 /* Extensions */,
				DA82DF481EFE9E1300FCC947 /* AppDelegate.h */,
				DA82DF491EFE9E1300FCC947 /* AppDelegate.m */,
				DA82DF4B1EFE9E1300FCC947 /* ViewController.h */,
				DA82DF4C1EFE9E1300FCC947 /* ViewController.m */,
				DA84CB7D1EFEA9500012FA88 /* retrieveViewController.h */,
				DA84CB7E1EFEA9500012FA88 /* retrieveViewController.m */,
				DA84CB801EFEB87C0012FA88 /* LoginViewController.h */,
				DA84CB811EFEB87C0012FA88 /* LoginViewController.m */,
				DA84CB7A1EFE9F970012FA88 /* MainNavController.h */,
				DA84CB7B1EFE9F970012FA88 /* MainNavController.m */,
				DA82DF4E1EFE9E1300FCC947 /* Main.storyboard */,
				DA0E04E81EFF58300014C5C6 /* Assets.xcassets */,
				DA0E04A71EFF519E0014C5C6 /* 640.jpg */,
				DA82DF531EFE9E1300FCC947 /* LaunchScreen.storyboard */,
				DA82DF561EFE9E1300FCC947 /* Info.plist */,
				DA82DF451EFE9E1300FCC947 /* Supporting Files */,
			);
			path = dneglu;
			sourceTree = "<group>";
		};
		DA82DF451EFE9E1300FCC947 /* Supporting Files */ = {
			isa = PBXGroup;
			children = (
				DA82DF461EFE9E1300FCC947 /* main.m */,
			);
			name = "Supporting Files";
			sourceTree = "<group>";
		};
		DA82DF5E1EFE9E1300FCC947 /* dnegluTests */ = {
			isa = PBXGroup;
			children = (
				DA82DF5F1EFE9E1300FCC947 /* dnegluTests.m */,
				DA82DF611EFE9E1300FCC947 /* Info.plist */,
			);
			path = dnegluTests;
			sourceTree = "<group>";
		};
		DA82DF691EFE9E1300FCC947 /* dnegluUITests */ = {
			isa = PBXGroup;
			children = (
				DA82DF6A1EFE9E1300FCC947 /* dnegluUITests.m */,
				DA82DF6C1EFE9E1300FCC947 /* Info.plist */,
			);
			path = dnegluUITests;
			sourceTree = "<group>";
		};
/* End PBXGroup section */

/* Begin PBXNativeTarget section */
		DA2A9FB81F0089C60036F958 /* new */ = {
			isa = PBXNativeTarget;
			buildConfigurationList = DA2A9FE91F0089C60036F958 /* Build configuration list for PBXNativeTarget "new" */;
			buildPhases = (
				DA2A9FB51F0089C60036F958 /* Sources */,
				DA2A9FB61F0089C60036F958 /* Frameworks */,
				DA2A9FB71F0089C60036F958 /* Resources */,
			);
			buildRules = (
			);
			dependencies = (
			);
			name = new;
			productName = new;
			productReference = DA2A9FB91F0089C60036F958 /* new.app */;
			productType = "com.apple.product-type.application";
		};
		DA2A9FD01F0089C60036F958 /* newTests */ = {
			isa = PBXNativeTarget;
			buildConfigurationList = DA2A9FEA1F0089C60036F958 /* Build configuration list for PBXNativeTarget "newTests" */;
			buildPhases = (
				DA2A9FCD1F0089C60036F958 /* Sources */,
				DA2A9FCE1F0089C60036F958 /* Frameworks */,
				DA2A9FCF1F0089C60036F958 /* Resources */,
			);
			buildRules = (
			);
			dependencies = (
				DA2A9FD31F0089C60036F958 /* PBXTargetDependency */,
			);
			name = newTests;
			productName = newTests;
			productReference = DA2A9FD11F0089C60036F958 /* newTests.xctest */;
			productType = "com.apple.product-type.bundle.unit-test";
		};
		DA2A9FDB1F0089C60036F958 /* newUITests */ = {
			isa = PBXNativeTarget;
			buildConfigurationList = DA2A9FEB1F0089C60036F958 /* Build configuration list for PBXNativeTarget "newUITests" */;
			buildPhases = (
				DA2A9FD81F0089C60036F958 /* Sources */,
				DA2A9FD91F0089C60036F958 /* Frameworks */,
				DA2A9FDA1F0089C60036F958 /* Resources */,
			);
			buildRules = (
			);
			dependencies = (
				DA2A9FDE1F0089C60036F958 /* PBXTargetDependency */,
			);
			name = newUITests;
			productName = newUITests;
			productReference = DA2A9FDC1F0089C60036F958 /* newUITests.xctest */;
			productType = "com.apple.product-type.bundle.ui-testing";
		};
		DA82DF411EFE9E1300FCC947 /* dneglu */ = {
			isa = PBXNativeTarget;
			buildConfigurationList = DA82DF6F1EFE9E1300FCC947 /* Build configuration list for PBXNativeTarget "dneglu" */;
			buildPhases = (
				DA82DF3E1EFE9E1300FCC947 /* Sources */,
				DA82DF3F1EFE9E1300FCC947 /* Frameworks */,
				DA82DF401EFE9E1300FCC947 /* Resources */,
			);
			buildRules = (
			);
			dependencies = (
			);
			name = dneglu;
			productName = dneglu;
			productReference = DA82DF421EFE9E1300FCC947 /* dneglu.app */;
			productType = "com.apple.product-type.application";
		};
		DA82DF5A1EFE9E1300FCC947 /* dnegluTests */ = {
			isa = PBXNativeTarget;
			buildConfigurationList = DA82DF721EFE9E1300FCC947 /* Build configuration list for PBXNativeTarget "dnegluTests" */;
			buildPhases = (
				DA82DF571EFE9E1300FCC947 /* Sources */,
				DA82DF581EFE9E1300FCC947 /* Frameworks */,
				DA82DF591EFE9E1300FCC947 /* Resources */,
			);
			buildRules = (
			);
			dependencies = (
				DA82DF5D1EFE9E1300FCC947 /* PBXTargetDependency */,
			);
			name = dnegluTests;
			productName = dnegluTests;
			productReference = DA82DF5B1EFE9E1300FCC947 /* dnegluTests.xctest */;
			productType = "com.apple.product-type.bundle.unit-test";
		};
		DA82DF651EFE9E1300FCC947 /* dnegluUITests */ = {
			isa = PBXNativeTarget;
			buildConfigurationList = DA82DF751EFE9E1300FCC947 /* Build configuration list for PBXNativeTarget "dnegluUITests" */;
			buildPhases = (
				DA82DF621EFE9E1300FCC947 /* Sources */,
				DA82DF631EFE9E1300FCC947 /* Frameworks */,
				DA82DF641EFE9E1300FCC947 /* Resources */,
			);
			buildRules = (
			);
			dependencies = (
				DA82DF681EFE9E1300FCC947 /* PBXTargetDependency */,
			);
			name = dnegluUITests;
			productName = dnegluUITests;
			productReference = DA82DF661EFE9E1300FCC947 /* dnegluUITests.xctest */;
			productType = "com.apple.product-type.bundle.ui-testing";
		};
/* End PBXNativeTarget section */

/* Begin PBXProject section */
		DA82DF3A1EFE9E1300FCC947 /* Project object */ = {
			isa = PBXProject;
			attributes = {
				LastUpgradeCheck = 0830;
				ORGANIZATIONNAME = com.sunfeh;
				TargetAttributes = {
					DA2A9FB81F0089C60036F958 = {
						CreatedOnToolsVersion = 8.3.3;
						DevelopmentTeam = CNSR67J6PB;
						ProvisioningStyle = Automatic;
					};
					DA2A9FD01F0089C60036F958 = {
						CreatedOnToolsVersion = 8.3.3;
						DevelopmentTeam = CNSR67J6PB;
						ProvisioningStyle = Automatic;
						TestTargetID = DA2A9FB81F0089C60036F958;
					};
					DA2A9FDB1F0089C60036F958 = {
						CreatedOnToolsVersion = 8.3.3;
						DevelopmentTeam = CNSR67J6PB;
						ProvisioningStyle = Automatic;
						TestTargetID = DA2A9FB81F0089C60036F958;
					};
					DA82DF411EFE9E1300FCC947 = {
						CreatedOnToolsVersion = 8.3.3;
						DevelopmentTeam = CNSR67J6PB;
						ProvisioningStyle = Automatic;
					};
					DA82DF5A1EFE9E1300FCC947 = {
						CreatedOnToolsVersion = 8.3.3;
						DevelopmentTeam = CNSR67J6PB;
						ProvisioningStyle = Automatic;
						TestTargetID = DA82DF411EFE9E1300FCC947;
					};
					DA82DF651EFE9E1300FCC947 = {
						CreatedOnToolsVersion = 8.3.3;
						DevelopmentTeam = CNSR67J6PB;
						ProvisioningStyle = Automatic;
						TestTargetID = DA82DF411EFE9E1300FCC947;
					};
				};
			};
			buildConfigurationList = DA82DF3D1EFE9E1300FCC947 /* Build configuration list for PBXProject "dneglu" */;
			compatibilityVersion = "Xcode 3.2";
			developmentRegion = English;
			hasScannedForEncodings = 0;
			knownRegions = (
				en,
				Base,
			);
			mainGroup = DA82DF391EFE9E1300FCC947;
			productRefGroup = DA82DF431EFE9E1300FCC947 /* Products */;
			projectDirPath = "";
			projectRoot = "";
			targets = (
				DA82DF411EFE9E1300FCC947 /* dneglu */,
				DA82DF5A1EFE9E1300FCC947 /* dnegluTests */,
				DA82DF651EFE9E1300FCC947 /* dnegluUITests */,
				DA2A9FB81F0089C60036F958 /* new */,
				DA2A9FD01F0089C60036F958 /* newTests */,
				DA2A9FDB1F0089C60036F958 /* newUITests */,
			);
		};
/* End PBXProject section */

/* Begin PBXResourcesBuildPhase section */
		DA2A9FB71F0089C60036F958 /* Resources */ = {
			isa = PBXResourcesBuildPhase;
			buildActionMask = 2147483647;
			files = (
			);
			runOnlyForDeploymentPostprocessing = 0;
		};
		DA2A9FCF1F0089C60036F958 /* Resources */ = {
			isa = PBXResourcesBuildPhase;
			buildActionMask = 2147483647;
			files = (
			);
			runOnlyForDeploymentPostprocessing = 0;
		};
		DA2A9FDA1F0089C60036F958 /* Resources */ = {
			isa = PBXResourcesBuildPhase;
			buildActionMask = 2147483647;
			files = (
			);
			runOnlyForDeploymentPostprocessing = 0;
		};
		DA82DF401EFE9E1300FCC947 /* Resources */ = {
			isa = PBXResourcesBuildPhase;
			buildActionMask = 2147483647;
			files = (
				DA0E04A81EFF519E0014C5C6 /* 640.jpg in Resources */,
				DA82DF551EFE9E1300FCC947 /* LaunchScreen.storyboard in Resources */,
				DA0E04E91EFF58300014C5C6 /* Assets.xcassets in Resources */,
				DA82DF501EFE9E1300FCC947 /* Main.storyboard in Resources */,
			);
			runOnlyForDeploymentPostprocessing = 0;
		};
		DA82DF591EFE9E1300FCC947 /* Resources */ = {
			isa = PBXResourcesBuildPhase;
			buildActionMask = 2147483647;
			files = (
			);
			runOnlyForDeploymentPostprocessing = 0;
		};
		DA82DF641EFE9E1300FCC947 /* Resources */ = {
			isa = PBXResourcesBuildPhase;
			buildActionMask = 2147483647;
			files = (
			);
			runOnlyForDeploymentPostprocessing = 0;
		};
/* End PBXResourcesBuildPhase section */

/* Begin PBXSourcesBuildPhase section */
		DA2A9FB51F0089C60036F958 /* Sources */ = {
			isa = PBXSourcesBuildPhase;
			buildActionMask = 2147483647;
			files = (
			);
			runOnlyForDeploymentPostprocessing = 0;
		};
		DA2A9FCD1F0089C60036F958 /* Sources */ = {
			isa = PBXSourcesBuildPhase;
			buildActionMask = 2147483647;
			files = (
			);
			runOnlyForDeploymentPostprocessing = 0;
		};
		DA2A9FD81F0089C60036F958 /* Sources */ = {
			isa = PBXSourcesBuildPhase;
			buildActionMask = 2147483647;
			files = (
			);
			runOnlyForDeploymentPostprocessing = 0;
		};
		DA82DF3E1EFE9E1300FCC947 /* Sources */ = {
			isa = PBXSourcesBuildPhase;
			buildActionMask = 2147483647;
			files = (
				DA84CB7C1EFE9F970012FA88 /* MainNavController.m in Sources */,
				DA0E04A61EFF356E0014C5C6 /* UITextField+extension.m in Sources */,
				DA0E04A31EFF2DA80014C5C6 /* UIButton+extension.m in Sources */,
				DA84CB7F1EFEA9500012FA88 /* retrieveViewController.m in Sources */,
				DA84CB821EFEB87D0012FA88 /* LoginViewController.m in Sources */,
				DA82DF4D1EFE9E1300FCC947 /* ViewController.m in Sources */,
				DA82DF4A1EFE9E1300FCC947 /* AppDelegate.m in Sources */,
				DA82DF471EFE9E1300FCC947 /* main.m in Sources */,
			);
			runOnlyForDeploymentPostprocessing = 0;
		};
		DA82DF571EFE9E1300FCC947 /* Sources */ = {
			isa = PBXSourcesBuildPhase;
			buildActionMask = 2147483647;
			files = (
				DA82DF601EFE9E1300FCC947 /* dnegluTests.m in Sources */,
			);
			runOnlyForDeploymentPostprocessing = 0;
		};
		DA82DF621EFE9E1300FCC947 /* Sources */ = {
			isa = PBXSourcesBuildPhase;
			buildActionMask = 2147483647;
			files = (
				DA82DF6B1EFE9E1300FCC947 /* dnegluUITests.m in Sources */,
			);
			runOnlyForDeploymentPostprocessing = 0;
		};
/* End PBXSourcesBuildPhase section */

/* Begin PBXTargetDependency section */
		DA2A9FD31F0089C60036F958 /* PBXTargetDependency */ = {
			isa = PBXTargetDependency;
			target = DA2A9FB81F0089C60036F958 /* new */;
			targetProxy = DA2A9FD21F0089C60036F958 /* PBXContainerItemProxy */;
		};
		DA2A9FDE1F0089C60036F958 /* PBXTargetDependency */ = {
			isa = PBXTargetDependency;
			target = DA2A9FB81F0089C60036F958 /* new */;
			targetProxy = DA2A9FDD1F0089C60036F958 /* PBXContainerItemProxy */;
		};
		DA82DF5D1EFE9E1300FCC947 /* PBXTargetDependency */ = {
			isa = PBXTargetDependency;
			target = DA82DF411EFE9E1300FCC947 /* dneglu */;
			targetProxy = DA82DF5C1EFE9E1300FCC947 /* PBXContainerItemProxy */;
		};
		DA82DF681EFE9E1300FCC947 /* PBXTargetDependency */ = {
			isa = PBXTargetDependency;
			target = DA82DF411EFE9E1300FCC947 /* dneglu */;
			targetProxy = DA82DF671EFE9E1300FCC947 /* PBXContainerItemProxy */;
		};
/* End PBXTargetDependency section */

/* Begin PBXVariantGroup section */
		DA82DF4E1EFE9E1300FCC947 /* Main.storyboard */ = {
			isa = PBXVariantGroup;
			children = (
				DA82DF4F1EFE9E1300FCC947 /* Base */,
			);
			name = Main.storyboard;
			sourceTree = "<group>";
		};
		DA82DF531EFE9E1300FCC947 /* LaunchScreen.storyboard */ = {
			isa = PBXVariantGroup;
			children = (
				DA82DF541EFE9E1300FCC947 /* Base */,
			);
			name = LaunchScreen.storyboard;
			sourceTree = "<group>";
		};
/* End PBXVariantGroup section */

/* Begin XCBuildConfiguration section */
		DA2A9FE31F0089C60036F958 /* Debug */ = {
			isa = XCBuildConfiguration;
			buildSettings = {
				ASSETCATALOG_COMPILER_APPICON_NAME = AppIcon;
				DEVELOPMENT_TEAM = CNSR67J6PB;
				INFOPLIST_FILE = new/Info.plist;
				LD_RUNPATH_SEARCH_PATHS = "$(inherited) @executable_path/Frameworks";
				PRODUCT_BUNDLE_IDENTIFIER = sunfeh.new;
				PRODUCT_NAME = "$(TARGET_NAME)";
			};
			name = Debug;
		};
		DA2A9FE41F0089C60036F958 /* Release */ = {
			isa = XCBuildConfiguration;
			buildSettings = {
				ASSETCATALOG_COMPILER_APPICON_NAME = AppIcon;
				DEVELOPMENT_TEAM = CNSR67J6PB;
				INFOPLIST_FILE = new/Info.plist;
				LD_RUNPATH_SEARCH_PATHS = "$(inherited) @executable_path/Frameworks";
				PRODUCT_BUNDLE_IDENTIFIER = sunfeh.new;
				PRODUCT_NAME = "$(TARGET_NAME)";
			};
			name = Release;
		};
		DA2A9FE51F0089C60036F958 /* Debug */ = {
			isa = XCBuildConfiguration;
			buildSettings = {
				BUNDLE_LOADER = "$(TEST_HOST)";
				DEVELOPMENT_TEAM = CNSR67J6PB;
				INFOPLIST_FILE = newTests/Info.plist;
				LD_RUNPATH_SEARCH_PATHS = "$(inherited) @executable_path/Frameworks @loader_path/Frameworks";
				PRODUCT_BUNDLE_IDENTIFIER = sunfeh.newTests;
				PRODUCT_NAME = "$(TARGET_NAME)";
				TEST_HOST = "$(BUILT_PRODUCTS_DIR)/new.app/new";
			};
			name = Debug;
		};
		DA2A9FE61F0089C60036F958 /* Release */ = {
			isa = XCBuildConfiguration;
			buildSettings = {
				BUNDLE_LOADER = "$(TEST_HOST)";
				DEVELOPMENT_TEAM = CNSR67J6PB;
				INFOPLIST_FILE = newTests/Info.plist;
				LD_RUNPATH_SEARCH_PATHS = "$(inherited) @executable_path/Frameworks @loader_path/Frameworks";
				PRODUCT_BUNDLE_IDENTIFIER = sunfeh.newTests;
				PRODUCT_NAME = "$(TARGET_NAME)";
				TEST_HOST = "$(BUILT_PRODUCTS_DIR)/new.app/new";
			};
			name = Release;
		};
		DA2A9FE71F0089C60036F958 /* Debug */ = {
			isa = XCBuildConfiguration;
			buildSettings = {
				DEVELOPMENT_TEAM = CNSR67J6PB;
				INFOPLIST_FILE = newUITests/Info.plist;
				LD_RUNPATH_SEARCH_PATHS = "$(inherited) @executable_path/Frameworks @loader_path/Frameworks";
				PRODUCT_BUNDLE_IDENTIFIER = sunfeh.newUITests;
				PRODUCT_NAME = "$(TARGET_NAME)";
				TEST_TARGET_NAME = new;
			};
			name = Debug;
		};
		DA2A9FE81F0089C60036F958 /* Release */ = {
			isa = XCBuildConfiguration;
			buildSettings = {
				DEVELOPMENT_TEAM = CNSR67J6PB;
				INFOPLIST_FILE = newUITests/Info.plist;
				LD_RUNPATH_SEARCH_PATHS = "$(inherited) @executable_path/Frameworks @loader_path/Frameworks";
				PRODUCT_BUNDLE_IDENTIFIER = sunfeh.newUITests;
				PRODUCT_NAME = "$(TARGET_NAME)";
				TEST_TARGET_NAME = new;
			};
			name = Release;
		};
		DA82DF6D1EFE9E1300FCC947 /* Debug */ = {
			isa = XCBuildConfiguration;
			buildSettings = {
				ALWAYS_SEARCH_USER_PATHS = NO;
				CLANG_ANALYZER_NONNULL = YES;
				CLANG_ANALYZER_NUMBER_OBJECT_CONVERSION = YES_AGGRESSIVE;
				CLANG_CXX_LANGUAGE_STANDARD = "gnu++0x";
				CLANG_CXX_LIBRARY = "libc++";
				CLANG_ENABLE_MODULES = YES;
				CLANG_ENABLE_OBJC_ARC = YES;
				CLANG_WARN_BOOL_CONVERSION = YES;
				CLANG_WARN_CONSTANT_CONVERSION = YES;
				CLANG_WARN_DIRECT_OBJC_ISA_USAGE = YES_ERROR;
				CLANG_WARN_DOCUMENTATION_COMMENTS = YES;
				CLANG_WARN_EMPTY_BODY = YES;
				CLANG_WARN_ENUM_CONVERSION = YES;
				CLANG_WARN_INFINITE_RECURSION = YES;
				CLANG_WARN_INT_CONVERSION = YES;
				CLANG_WARN_OBJC_ROOT_CLASS = YES_ERROR;
				CLANG_WARN_SUSPICIOUS_MOVE = YES;
				CLANG_WARN_UNREACHABLE_CODE = YES;
				CLANG_WARN__DUPLICATE_METHOD_MATCH = YES;
				"CODE_SIGN_IDENTITY[sdk=iphoneos*]" = "iPhone Developer";
				COPY_PHASE_STRIP = NO;
				DEBUG_INFORMATION_FORMAT = dwarf;
				ENABLE_STRICT_OBJC_MSGSEND = YES;
				ENABLE_TESTABILITY = YES;
				GCC_C_LANGUAGE_STANDARD = gnu99;
				GCC_DYNAMIC_NO_PIC = NO;
				GCC_NO_COMMON_BLOCKS = YES;
				GCC_OPTIMIZATION_LEVEL = 0;
				GCC_PREPROCESSOR_DEFINITIONS = (
					"DEBUG=1",
					"$(inherited)",
				);
				GCC_WARN_64_TO_32_BIT_CONVERSION = YES;
				GCC_WARN_ABOUT_RETURN_TYPE = YES_ERROR;
				GCC_WARN_UNDECLARED_SELECTOR = YES;
				GCC_WARN_UNINITIALIZED_AUTOS = YES_AGGRESSIVE;
				GCC_WARN_UNUSED_FUNCTION = YES;
				GCC_WARN_UNUSED_VARIABLE = YES;
				IPHONEOS_DEPLOYMENT_TARGET = 10.3;
				MTL_ENABLE_DEBUG_INFO = YES;
				ONLY_ACTIVE_ARCH = YES;
				SDKROOT = iphoneos;
			};
			name = Debug;
		};
		DA82DF6E1EFE9E1300FCC947 /* Release */ = {
			isa = XCBuildConfiguration;
			buildSettings = {
				ALWAYS_SEARCH_USER_PATHS = NO;
				CLANG_ANALYZER_NONNULL = YES;
				CLANG_ANALYZER_NUMBER_OBJECT_CONVERSION = YES_AGGRESSIVE;
				CLANG_CXX_LANGUAGE_STANDARD = "gnu++0x";
				CLANG_CXX_LIBRARY = "libc++";
				CLANG_ENABLE_MODULES = YES;
				CLANG_ENABLE_OBJC_ARC = YES;
				CLANG_WARN_BOOL_CONVERSION = YES;
				CLANG_WARN_CONSTANT_CONVERSION = YES;
				CLANG_WARN_DIRECT_OBJC_ISA_USAGE = YES_ERROR;
				CLANG_WARN_DOCUMENTATION_COMMENTS = YES;
				CLANG_WARN_EMPTY_BODY = YES;
				CLANG_WARN_ENUM_CONVERSION = YES;
				CLANG_WARN_INFINITE_RECURSION = YES;
				CLANG_WARN_INT_CONVERSION = YES;
				CLANG_WARN_OBJC_ROOT_CLASS = YES_ERROR;
				CLANG_WARN_SUSPICIOUS_MOVE = YES;
				CLANG_WARN_UNREACHABLE_CODE = YES;
				CLANG_WARN__DUPLICATE_METHOD_MATCH = YES;
				"CODE_SIGN_IDENTITY[sdk=iphoneos*]" = "iPhone Developer";
				COPY_PHASE_STRIP = NO;
				DEBUG_INFORMATION_FORMAT = "dwarf-with-dsym";
				ENABLE_NS_ASSERTIONS = NO;
				ENABLE_STRICT_OBJC_MSGSEND = YES;
				GCC_C_LANGUAGE_STANDARD = gnu99;
				GCC_NO_COMMON_BLOCKS = YES;
				GCC_WARN_64_TO_32_BIT_CONVERSION = YES;
				GCC_WARN_ABOUT_RETURN_TYPE = YES_ERROR;
				GCC_WARN_UNDECLARED_SELECTOR = YES;
				GCC_WARN_UNINITIALIZED_AUTOS = YES_AGGRESSIVE;
				GCC_WARN_UNUSED_FUNCTION = YES;
				GCC_WARN_UNUSED_VARIABLE = YES;
				IPHONEOS_DEPLOYMENT_TARGET = 10.3;
				MTL_ENABLE_DEBUG_INFO = NO;
				SDKROOT = iphoneos;
				VALIDATE_PRODUCT = YES;
			};
			name = Release;
		};
		DA82DF701EFE9E1300FCC947 /* Debug */ = {
			isa = XCBuildConfiguration;
			buildSettings = {
				ASSETCATALOG_COMPILER_APPICON_NAME = AppIcon;
				DEVELOPMENT_TEAM = CNSR67J6PB;
				INFOPLIST_FILE = dneglu/Info.plist;
				IPHONEOS_DEPLOYMENT_TARGET = 9.0;
				LD_RUNPATH_SEARCH_PATHS = "$(inherited) @executable_path/Frameworks";
				PRODUCT_BUNDLE_IDENTIFIER = sunfeh.dneglu;
				PRODUCT_NAME = "$(TARGET_NAME)";
			};
			name = Debug;
		};
		DA82DF711EFE9E1300FCC947 /* Release */ = {
			isa = XCBuildConfiguration;
			buildSettings = {
				ASSETCATALOG_COMPILER_APPICON_NAME = AppIcon;
				DEVELOPMENT_TEAM = CNSR67J6PB;
				INFOPLIST_FILE = dneglu/Info.plist;
				IPHONEOS_DEPLOYMENT_TARGET = 9.0;
				LD_RUNPATH_SEARCH_PATHS = "$(inherited) @executable_path/Frameworks";
				PRODUCT_BUNDLE_IDENTIFIER = sunfeh.dneglu;
				PRODUCT_NAME = "$(TARGET_NAME)";
			};
			name = Release;
		};
		DA82DF731EFE9E1300FCC947 /* Debug */ = {
			isa = XCBuildConfiguration;
			buildSettings = {
				BUNDLE_LOADER = "$(TEST_HOST)";
				DEVELOPMENT_TEAM = CNSR67J6PB;
				INFOPLIST_FILE = dnegluTests/Info.plist;
				LD_RUNPATH_SEARCH_PATHS = "$(inherited) @executable_path/Frameworks @loader_path/Frameworks";
				PRODUCT_BUNDLE_IDENTIFIER = sunfeh.dnegluTests;
				PRODUCT_NAME = "$(TARGET_NAME)";
				TEST_HOST = "$(BUILT_PRODUCTS_DIR)/dneglu.app/dneglu";
			};
			name = Debug;
		};
		DA82DF741EFE9E1300FCC947 /* Release */ = {
			isa = XCBuildConfiguration;
			buildSettings = {
				BUNDLE_LOADER = "$(TEST_HOST)";
				DEVELOPMENT_TEAM = CNSR67J6PB;
				INFOPLIST_FILE = dnegluTests/Info.plist;
				LD_RUNPATH_SEARCH_PATHS = "$(inherited) @executable_path/Frameworks @loader_path/Frameworks";
				PRODUCT_BUNDLE_IDENTIFIER = sunfeh.dnegluTests;
				PRODUCT_NAME = "$(TARGET_NAME)";
				TEST_HOST = "$(BUILT_PRODUCTS_DIR)/dneglu.app/dneglu";
			};
			name = Release;
		};
		DA82DF761EFE9E1300FCC947 /* Debug */ = {
			isa = XCBuildConfiguration;
			buildSettings = {
				DEVELOPMENT_TEAM = CNSR67J6PB;
				INFOPLIST_FILE = dnegluUITests/Info.plist;
				LD_RUNPATH_SEARCH_PATHS = "$(inherited) @executable_path/Frameworks @loader_path/Frameworks";
				PRODUCT_BUNDLE_IDENTIFIER = sunfeh.dnegluUITests;
				PRODUCT_NAME = "$(TARGET_NAME)";
				TEST_TARGET_NAME = dneglu;
			};
			name = Debug;
		};
		DA82DF771EFE9E1300FCC947 /* Release */ = {
			isa = XCBuildConfiguration;
			buildSettings = {
				DEVELOPMENT_TEAM = CNSR67J6PB;
				INFOPLIST_FILE = dnegluUITests/Info.plist;
				LD_RUNPATH_SEARCH_PATHS = "$(inherited) @executable_path/Frameworks @loader_path/Frameworks";
				PRODUCT_BUNDLE_IDENTIFIER = sunfeh.dnegluUITests;
				PRODUCT_NAME = "$(TARGET_NAME)";
				TEST_TARGET_NAME = dneglu;
			};
			name = Release;
		};
/* End XCBuildConfiguration section */

/* Begin XCConfigurationList section */
		DA2A9FE91F0089C60036F958 /* Build configuration list for PBXNativeTarget "new" */ = {
			isa = XCConfigurationList;
			buildConfigurations = (
				DA2A9FE31F0089C60036F958 /* Debug */,
				DA2A9FE41F0089C60036F958 /* Release */,
			);
			defaultConfigurationIsVisible = 0;
		};
		DA2A9FEA1F0089C60036F958 /* Build configuration list for PBXNativeTarget "newTests" */ = {
			isa = XCConfigurationList;
			buildConfigurations = (
				DA2A9FE51F0089C60036F958 /* Debug */,
				DA2A9FE61F0089C60036F958 /* Release */,
			);
			defaultConfigurationIsVisible = 0;
		};
		DA2A9FEB1F0089C60036F958 /* Build configuration list for PBXNativeTarget "newUITests" */ = {
			isa = XCConfigurationList;
			buildConfigurations = (
				DA2A9FE71F0089C60036F958 /* Debug */,
				DA2A9FE81F0089C60036F958 /* Release */,
			);
			defaultConfigurationIsVisible = 0;
		};
		DA82DF3D1EFE9E1300FCC947 /* Build configuration list for PBXProject "dneglu" */ = {
			isa = XCConfigurationList;
			buildConfigurations = (
				DA82DF6D1EFE9E1300FCC947 /* Debug */,
				DA82DF6E1EFE9E1300FCC947 /* Release */,
			);
			defaultConfigurationIsVisible = 0;
			defaultConfigurationName = Release;
		};
		DA82DF6F1EFE9E1300FCC947 /* Build configuration list for PBXNativeTarget "dneglu" */ = {
			isa = XCConfigurationList;
			buildConfigurations = (
				DA82DF701EFE9E1300FCC947 /* Debug */,
				DA82DF711EFE9E1300FCC947 /* Release */,
			);
			defaultConfigurationIsVisible = 0;
			defaultConfigurationName = Release;
		};
		DA82DF721EFE9E1300FCC947 /* Build configuration list for PBXNativeTarget "dnegluTests" */ = {
			isa = XCConfigurationList;
			buildConfigurations = (
				DA82DF731EFE9E1300FCC947 /* Debug */,
				DA82DF741EFE9E1300FCC947 /* Release */,
			);
			defaultConfigurationIsVisible = 0;
			defaultConfigurationName = Release;
		};
		DA82DF751EFE9E1300FCC947 /* Build configuration list for PBXNativeTarget "dnegluUITests" */ = {
			isa = XCConfigurationList;
			buildConfigurations = (
				DA82DF761EFE9E1300FCC947 /* Debug */,
				DA82DF771EFE9E1300FCC947 /* Release */,
			);
			defaultConfigurationIsVisible = 0;
			defaultConfigurationName = Release;
		};
/* End XCConfigurationList section */
	};
	rootObject = DA82DF3A1EFE9E1300FCC947 /* Project object */;
}
